
Microsoft Visual Studio Solution File, Format Version 12.00
# Visual Studio Version 17
VisualStudioVersion = 17.0.31611.283
MinimumVisualStudioVersion = 10.0.40219.1
Project("{9A19103F-16F7-4668-BE54-9A1E7A4F7556}") = "Statistics", "Statistics\Statistics.csproj", "{60BA9656-5963-4B99-B659-B1D178013E36}"
EndProject
Project("{9A19103F-16F7-4668-BE54-9A1E7A4F7556}") = "ExelReader", "..\ExelReader\ExelReader\ExelReader.csproj", "{12230D01-D0E7-42A9-9D42-0E33821732A8}"
EndProject
Project("{9A19103F-16F7-4668-BE54-9A1E7A4F7556}") = "ExelReaderTests", "..\ExelReader\ExelReaderTests\ExelReaderTests.csproj", "{404B7668-39B9-4497-B9C4-09FFF94A34CC}"
EndProject
Global
	GlobalSection(SolutionConfigurationPlatforms) = preSolution
		Debug|Any CPU = Debug|Any CPU
		Release|Any CPU = Release|Any CPU
	EndGlobalSection
	GlobalSection(ProjectConfigurationPlatforms) = postSolution
		{60BA9656-5963-4B99-B659-B1D178013E36}.Debug|Any CPU.ActiveCfg = Debug|Any CPU
		{60BA9656-5963-4B99-B659-B1D178013E36}.Debug|Any CPU.Build.0 = Debug|Any CPU
		{60BA9656-5963-4B99-B659-B1D178013E36}.Debug|Any CPU.Deploy.0 = Debug|Any CPU
		{60BA9656-5963-4B99-B659-B1D178013E36}.Release|Any CPU.ActiveCfg = Release|Any CPU
		{60BA9656-5963-4B99-B659-B1D178013E36}.Release|Any CPU.Build.0 = Release|Any CPU
		{60BA9656-5963-4B99-B659-B1D178013E36}.Release|Any CPU.Deploy.0 = Release|Any CPU
		{12230D01-D0E7-42A9-9D42-0E33821732A8}.Debug|Any CPU.ActiveCfg = Debug|Any CPU
		{12230D01-D0E7-42A9-9D42-0E33821732A8}.Debug|Any CPU.Build.0 = Debug|Any CPU
		{12230D01-D0E7-42A9-9D42-0E33821732A8}.Release|Any CPU.ActiveCfg = Release|Any CPU
		{12230D01-D0E7-42A9-9D42-0E33821732A8}.Release|Any CPU.Build.0 = Release|Any CPU
		{404B7668-39B9-4497-B9C4-09FFF94A34CC}.Debug|Any CPU.ActiveCfg = Debug|Any CPU
		{404B7668-39B9-4497-B9C4-09FFF94A34CC}.Debug|Any CPU.Build.0 = Debug|Any CPU
		{404B7668-39B9-4497-B9C4-09FFF94A34CC}.Release|Any CPU.ActiveCfg = Release|Any CPU
		{404B7668-39B9-4497-B9C4-09FFF94A34CC}.Release|Any CPU.Build.0 = Release|Any CPU
	EndGlobalSection
	GlobalSection(SolutionProperties) = preSolution
		HideSolutionNode = FALSE
	EndGlobalSection
	GlobalSection(ExtensibilityGlobals) = postSolution
		SolutionGuid = {61F7FB11-1E47-470C-91E2-47F8143E1572}
	EndGlobalSection
EndGlobal
